
Microsoft Visual Studio Solution File, Format Version 12.00
Project("{FAE04EC0-301F-11D3-BF4B-00C04F79EFBC}") = "Day1", "Day1\Day1.csproj", "{13F57034-FF5C-41FE-A3A7-037C0DBE8339}"
EndProject
Project("{FAE04EC0-301F-11D3-BF4B-00C04F79EFBC}") = "Day2", "Day2\Day2.csproj", "{855025E8-421A-4B82-BA93-B5F3CF008569}"
EndProject
Global
	GlobalSection(SolutionConfigurationPlatforms) = preSolution
		Debug|Any CPU = Debug|Any CPU
		Release|Any CPU = Release|Any CPU
	EndGlobalSection
	GlobalSection(ProjectConfigurationPlatforms) = postSolution
		{13F57034-FF5C-41FE-A3A7-037C0DBE8339}.Debug|Any CPU.ActiveCfg = Debug|Any CPU
		{13F57034-FF5C-41FE-A3A7-037C0DBE8339}.Debug|Any CPU.Build.0 = Debug|Any CPU
		{13F57034-FF5C-41FE-A3A7-037C0DBE8339}.Release|Any CPU.ActiveCfg = Release|Any CPU
		{13F57034-FF5C-41FE-A3A7-037C0DBE8339}.Release|Any CPU.Build.0 = Release|Any CPU
		{855025E8-421A-4B82-BA93-B5F3CF008569}.Debug|Any CPU.ActiveCfg = Debug|Any CPU
		{855025E8-421A-4B82-BA93-B5F3CF008569}.Debug|Any CPU.Build.0 = Debug|Any CPU
		{855025E8-421A-4B82-BA93-B5F3CF008569}.Release|Any CPU.ActiveCfg = Release|Any CPU
		{855025E8-421A-4B82-BA93-B5F3CF008569}.Release|Any CPU.Build.0 = Release|Any CPU
	EndGlobalSection
EndGlobal
