
Microsoft Visual Studio Solution File, Format Version 12.00
# Visual Studio Version 17
VisualStudioVersion = 17.5.002.0
MinimumVisualStudioVersion = 10.0.40219.1
Project("{2150E333-8FDC-42A3-9474-1A3956D46DE8}") = "2022", "2022", "{5A916B7C-F30A-4935-A529-CC6FCBCD94F1}"
EndProject
Project("{9A19103F-16F7-4668-BE54-9A1E7A4F7556}") = "Day4", "2022\Day4\Day4.csproj", "{8A2211A8-356D-4109-993B-E5D889872524}"
EndProject
Project("{9A19103F-16F7-4668-BE54-9A1E7A4F7556}") = "Day3", "2022\Day3\Day3.csproj", "{140CA2FE-D9DF-441E-B45B-A54201134D3F}"
EndProject
Project("{9A19103F-16F7-4668-BE54-9A1E7A4F7556}") = "Day2", "2022\Day2\Day2.csproj", "{F2724236-BDA3-4D82-903C-20207CFBFBAB}"
EndProject
Project("{9A19103F-16F7-4668-BE54-9A1E7A4F7556}") = "Day5", "2022\Day5\Day5.csproj", "{49280998-D912-48D1-8F0E-382477B81FE5}"
EndProject
Project("{9A19103F-16F7-4668-BE54-9A1E7A4F7556}") = "Day22", "2022\Day22\Day22.csproj", "{B64B902E-5F1C-4012-8710-C7CF5A331FAA}"
EndProject
Project("{9A19103F-16F7-4668-BE54-9A1E7A4F7556}") = "Day7", "2022\Day7\Day7.csproj", "{7657F91E-788E-4734-A10D-8E89966D88E1}"
EndProject
Project("{9A19103F-16F7-4668-BE54-9A1E7A4F7556}") = "Day6", "2022\Day6\Day6.csproj", "{E0584BFC-A68F-4AD1-91AA-C8B26A49C3BB}"
EndProject
Project("{9A19103F-16F7-4668-BE54-9A1E7A4F7556}") = "Day1", "2022\Day1\Day1.csproj", "{48DEA984-3330-41AB-8183-9AE8119FFD87}"
EndProject
Project("{9A19103F-16F7-4668-BE54-9A1E7A4F7556}") = "Day20", "2022\Day20\Day20.csproj", "{BEE9CDBD-AFC3-4F93-979B-52DBC72B7FCE}"
EndProject
Project("{2150E333-8FDC-42A3-9474-1A3956D46DE8}") = "2021", "2021", "{C9431D6B-3C36-4E27-8C9F-E60317F73C88}"
EndProject
Project("{9A19103F-16F7-4668-BE54-9A1E7A4F7556}") = "Day4", "2021\Day4\Day4.csproj", "{83875D81-74AB-4151-B230-024B3C22623D}"
EndProject
Project("{9A19103F-16F7-4668-BE54-9A1E7A4F7556}") = "Day3", "2021\Day3\Day3.csproj", "{5A41BDAE-142B-41CB-A413-60CE929DE079}"
EndProject
Project("{9A19103F-16F7-4668-BE54-9A1E7A4F7556}") = "Day2", "2021\Day2\Day2.csproj", "{5F4E1656-E215-4723-B39A-FDE68887B03A}"
EndProject
Project("{9A19103F-16F7-4668-BE54-9A1E7A4F7556}") = "Day5", "2021\Day5\Day5.csproj", "{72EF8E32-81DD-4AAA-977C-DE6E98BE619D}"
EndProject
Project("{9A19103F-16F7-4668-BE54-9A1E7A4F7556}") = "Day24", "2021\Day24\Day24.csproj", "{9C118AF0-BDCF-4985-9849-23EA9B51D512}"
EndProject
Project("{9A19103F-16F7-4668-BE54-9A1E7A4F7556}") = "Day12", "2021\Day12\Day12.csproj", "{A24903DD-B825-49BD-BB52-A2C36DCAB5B2}"
EndProject
Project("{9A19103F-16F7-4668-BE54-9A1E7A4F7556}") = "Day13", "2021\Day13\Day13.csproj", "{61553566-F8D2-42D5-8866-4C0A2735A9E9}"
EndProject
Project("{9A19103F-16F7-4668-BE54-9A1E7A4F7556}") = "Day7", "2021\Day7\Day7.csproj", "{25E3A8F3-AAA3-4322-BCDB-A483931A8A83}"
EndProject
Project("{9A19103F-16F7-4668-BE54-9A1E7A4F7556}") = "Day9", "2021\Day9\Day9.csproj", "{F64D4B1E-9E3A-4111-ABEE-16CDCCBD6153}"
EndProject
Project("{9A19103F-16F7-4668-BE54-9A1E7A4F7556}") = "Day6", "2021\Day6\Day6.csproj", "{3254F367-E5B2-40BC-9AE6-E934F317C7B9}"
EndProject
Project("{9A19103F-16F7-4668-BE54-9A1E7A4F7556}") = "Day1", "2021\Day1\Day1.csproj", "{83AEC949-B08C-4B3C-956B-355779F1C869}"
EndProject
Project("{9A19103F-16F7-4668-BE54-9A1E7A4F7556}") = "Day11", "2021\Day11\Day11.csproj", "{1EA22A9B-1921-4905-A07A-AB7B966D534F}"
EndProject
Project("{9A19103F-16F7-4668-BE54-9A1E7A4F7556}") = "Day10", "2021\Day10\Day10.csproj", "{1323A238-CDD4-4FC6-A828-D8460F8FB12E}"
EndProject
Project("{9A19103F-16F7-4668-BE54-9A1E7A4F7556}") = "Day21", "2021\Day21\Day21.csproj", "{CA6D7789-17B2-4A72-B0DD-D21116D1A06C}"
EndProject
Project("{2150E333-8FDC-42A3-9474-1A3956D46DE8}") = "2023", "2023", "{2DE13793-AE4C-492E-877B-83A230D997E7}"
EndProject
Project("{FAE04EC0-301F-11D3-BF4B-00C04F79EFBC}") = "Day1", "2023\Day1\Day1.csproj", "{8F434E7E-1753-4098-B8F3-63CCC14CEA08}"
EndProject
Project("{FAE04EC0-301F-11D3-BF4B-00C04F79EFBC}") = "Day2", "2023\Day2\Day2.csproj", "{FE161813-4739-4F8E-9F48-E1FA8A7FBDC7}"
EndProject
Project("{FAE04EC0-301F-11D3-BF4B-00C04F79EFBC}") = "Day3", "2023\Day3\Day3.csproj", "{926E252D-9790-49C1-8257-0F8A3DF2EA08}"
EndProject
Project("{FAE04EC0-301F-11D3-BF4B-00C04F79EFBC}") = "Day4", "2023\Day4\Day4.csproj", "{12E02E75-634D-491F-9A55-D62DA861BF6D}"
EndProject
Project("{FAE04EC0-301F-11D3-BF4B-00C04F79EFBC}") = "Day5", "2023\Day5\Day5.csproj", "{97827AF2-63DB-4ECE-9D8E-1AC3C82EBD7D}"
EndProject
Project("{FAE04EC0-301F-11D3-BF4B-00C04F79EFBC}") = "Day6", "2023\Day6\Day6.csproj", "{44F3B18D-27F2-4251-9D92-A5ABE2C09D6C}"
EndProject
Project("{FAE04EC0-301F-11D3-BF4B-00C04F79EFBC}") = "Day7", "2023\Day7\Day7.csproj", "{F3F6D134-12AB-4009-8549-242249F26533}"
EndProject
Project("{FAE04EC0-301F-11D3-BF4B-00C04F79EFBC}") = "Day8", "2023\Day8\Day8.csproj", "{C143A767-A7D4-46F8-94A5-F965BDB81AC1}"
EndProject
Project("{FAE04EC0-301F-11D3-BF4B-00C04F79EFBC}") = "Day9", "2023\Day9\Day9.csproj", "{1C3F1107-3631-4198-AFE1-8A9EAE0EA1D3}"
EndProject
Project("{FAE04EC0-301F-11D3-BF4B-00C04F79EFBC}") = "Day10", "2023\Day10\Day10.csproj", "{E9A3F28E-0974-4CF4-AE29-956EC623EB57}"
EndProject
Project("{2150E333-8FDC-42A3-9474-1A3956D46DE8}") = "2024", "2024", "{9C7140A2-E09A-4A57-873E-2FE01F4658E7}"
EndProject
Project("{FAE04EC0-301F-11D3-BF4B-00C04F79EFBC}") = "Day1", "2024\Day1\Day1.csproj", "{50DB7B77-C0AA-4E7F-887E-93161E42D9BE}"
EndProject
Project("{FAE04EC0-301F-11D3-BF4B-00C04F79EFBC}") = "Day2", "2024\Day2\Day2.csproj", "{6A540E42-B418-4DDA-8FBA-7D052D38146F}"
EndProject
Global
	GlobalSection(SolutionConfigurationPlatforms) = preSolution
		Debug|Any CPU = Debug|Any CPU
		Release|Any CPU = Release|Any CPU
	EndGlobalSection
	GlobalSection(ProjectConfigurationPlatforms) = postSolution
		{8A2211A8-356D-4109-993B-E5D889872524}.Debug|Any CPU.ActiveCfg = Debug|Any CPU
		{8A2211A8-356D-4109-993B-E5D889872524}.Debug|Any CPU.Build.0 = Debug|Any CPU
		{8A2211A8-356D-4109-993B-E5D889872524}.Release|Any CPU.ActiveCfg = Release|Any CPU
		{8A2211A8-356D-4109-993B-E5D889872524}.Release|Any CPU.Build.0 = Release|Any CPU
		{140CA2FE-D9DF-441E-B45B-A54201134D3F}.Debug|Any CPU.ActiveCfg = Debug|Any CPU
		{140CA2FE-D9DF-441E-B45B-A54201134D3F}.Debug|Any CPU.Build.0 = Debug|Any CPU
		{140CA2FE-D9DF-441E-B45B-A54201134D3F}.Release|Any CPU.ActiveCfg = Release|Any CPU
		{140CA2FE-D9DF-441E-B45B-A54201134D3F}.Release|Any CPU.Build.0 = Release|Any CPU
		{F2724236-BDA3-4D82-903C-20207CFBFBAB}.Debug|Any CPU.ActiveCfg = Debug|Any CPU
		{F2724236-BDA3-4D82-903C-20207CFBFBAB}.Debug|Any CPU.Build.0 = Debug|Any CPU
		{F2724236-BDA3-4D82-903C-20207CFBFBAB}.Release|Any CPU.ActiveCfg = Release|Any CPU
		{F2724236-BDA3-4D82-903C-20207CFBFBAB}.Release|Any CPU.Build.0 = Release|Any CPU
		{49280998-D912-48D1-8F0E-382477B81FE5}.Debug|Any CPU.ActiveCfg = Debug|Any CPU
		{49280998-D912-48D1-8F0E-382477B81FE5}.Debug|Any CPU.Build.0 = Debug|Any CPU
		{49280998-D912-48D1-8F0E-382477B81FE5}.Release|Any CPU.ActiveCfg = Release|Any CPU
		{49280998-D912-48D1-8F0E-382477B81FE5}.Release|Any CPU.Build.0 = Release|Any CPU
		{B64B902E-5F1C-4012-8710-C7CF5A331FAA}.Debug|Any CPU.ActiveCfg = Debug|Any CPU
		{B64B902E-5F1C-4012-8710-C7CF5A331FAA}.Debug|Any CPU.Build.0 = Debug|Any CPU
		{B64B902E-5F1C-4012-8710-C7CF5A331FAA}.Release|Any CPU.ActiveCfg = Release|Any CPU
		{B64B902E-5F1C-4012-8710-C7CF5A331FAA}.Release|Any CPU.Build.0 = Release|Any CPU
		{7657F91E-788E-4734-A10D-8E89966D88E1}.Debug|Any CPU.ActiveCfg = Debug|Any CPU
		{7657F91E-788E-4734-A10D-8E89966D88E1}.Debug|Any CPU.Build.0 = Debug|Any CPU
		{7657F91E-788E-4734-A10D-8E89966D88E1}.Release|Any CPU.ActiveCfg = Release|Any CPU
		{7657F91E-788E-4734-A10D-8E89966D88E1}.Release|Any CPU.Build.0 = Release|Any CPU
		{E0584BFC-A68F-4AD1-91AA-C8B26A49C3BB}.Debug|Any CPU.ActiveCfg = Debug|Any CPU
		{E0584BFC-A68F-4AD1-91AA-C8B26A49C3BB}.Debug|Any CPU.Build.0 = Debug|Any CPU
		{E0584BFC-A68F-4AD1-91AA-C8B26A49C3BB}.Release|Any CPU.ActiveCfg = Release|Any CPU
		{E0584BFC-A68F-4AD1-91AA-C8B26A49C3BB}.Release|Any CPU.Build.0 = Release|Any CPU
		{48DEA984-3330-41AB-8183-9AE8119FFD87}.Debug|Any CPU.ActiveCfg = Debug|Any CPU
		{48DEA984-3330-41AB-8183-9AE8119FFD87}.Debug|Any CPU.Build.0 = Debug|Any CPU
		{48DEA984-3330-41AB-8183-9AE8119FFD87}.Release|Any CPU.ActiveCfg = Release|Any CPU
		{48DEA984-3330-41AB-8183-9AE8119FFD87}.Release|Any CPU.Build.0 = Release|Any CPU
		{BEE9CDBD-AFC3-4F93-979B-52DBC72B7FCE}.Debug|Any CPU.ActiveCfg = Debug|Any CPU
		{BEE9CDBD-AFC3-4F93-979B-52DBC72B7FCE}.Debug|Any CPU.Build.0 = Debug|Any CPU
		{BEE9CDBD-AFC3-4F93-979B-52DBC72B7FCE}.Release|Any CPU.ActiveCfg = Release|Any CPU
		{BEE9CDBD-AFC3-4F93-979B-52DBC72B7FCE}.Release|Any CPU.Build.0 = Release|Any CPU
		{83875D81-74AB-4151-B230-024B3C22623D}.Debug|Any CPU.ActiveCfg = Debug|Any CPU
		{83875D81-74AB-4151-B230-024B3C22623D}.Debug|Any CPU.Build.0 = Debug|Any CPU
		{83875D81-74AB-4151-B230-024B3C22623D}.Release|Any CPU.ActiveCfg = Release|Any CPU
		{83875D81-74AB-4151-B230-024B3C22623D}.Release|Any CPU.Build.0 = Release|Any CPU
		{5A41BDAE-142B-41CB-A413-60CE929DE079}.Debug|Any CPU.ActiveCfg = Debug|Any CPU
		{5A41BDAE-142B-41CB-A413-60CE929DE079}.Debug|Any CPU.Build.0 = Debug|Any CPU
		{5A41BDAE-142B-41CB-A413-60CE929DE079}.Release|Any CPU.ActiveCfg = Release|Any CPU
		{5A41BDAE-142B-41CB-A413-60CE929DE079}.Release|Any CPU.Build.0 = Release|Any CPU
		{5F4E1656-E215-4723-B39A-FDE68887B03A}.Debug|Any CPU.ActiveCfg = Debug|Any CPU
		{5F4E1656-E215-4723-B39A-FDE68887B03A}.Debug|Any CPU.Build.0 = Debug|Any CPU
		{5F4E1656-E215-4723-B39A-FDE68887B03A}.Release|Any CPU.ActiveCfg = Release|Any CPU
		{5F4E1656-E215-4723-B39A-FDE68887B03A}.Release|Any CPU.Build.0 = Release|Any CPU
		{72EF8E32-81DD-4AAA-977C-DE6E98BE619D}.Debug|Any CPU.ActiveCfg = Debug|Any CPU
		{72EF8E32-81DD-4AAA-977C-DE6E98BE619D}.Debug|Any CPU.Build.0 = Debug|Any CPU
		{72EF8E32-81DD-4AAA-977C-DE6E98BE619D}.Release|Any CPU.ActiveCfg = Release|Any CPU
		{72EF8E32-81DD-4AAA-977C-DE6E98BE619D}.Release|Any CPU.Build.0 = Release|Any CPU
		{9C118AF0-BDCF-4985-9849-23EA9B51D512}.Debug|Any CPU.ActiveCfg = Debug|Any CPU
		{9C118AF0-BDCF-4985-9849-23EA9B51D512}.Debug|Any CPU.Build.0 = Debug|Any CPU
		{9C118AF0-BDCF-4985-9849-23EA9B51D512}.Release|Any CPU.ActiveCfg = Release|Any CPU
		{9C118AF0-BDCF-4985-9849-23EA9B51D512}.Release|Any CPU.Build.0 = Release|Any CPU
		{A24903DD-B825-49BD-BB52-A2C36DCAB5B2}.Debug|Any CPU.ActiveCfg = Debug|Any CPU
		{A24903DD-B825-49BD-BB52-A2C36DCAB5B2}.Debug|Any CPU.Build.0 = Debug|Any CPU
		{A24903DD-B825-49BD-BB52-A2C36DCAB5B2}.Release|Any CPU.ActiveCfg = Release|Any CPU
		{A24903DD-B825-49BD-BB52-A2C36DCAB5B2}.Release|Any CPU.Build.0 = Release|Any CPU
		{61553566-F8D2-42D5-8866-4C0A2735A9E9}.Debug|Any CPU.ActiveCfg = Debug|Any CPU
		{61553566-F8D2-42D5-8866-4C0A2735A9E9}.Debug|Any CPU.Build.0 = Debug|Any CPU
		{61553566-F8D2-42D5-8866-4C0A2735A9E9}.Release|Any CPU.ActiveCfg = Release|Any CPU
		{61553566-F8D2-42D5-8866-4C0A2735A9E9}.Release|Any CPU.Build.0 = Release|Any CPU
		{25E3A8F3-AAA3-4322-BCDB-A483931A8A83}.Debug|Any CPU.ActiveCfg = Debug|Any CPU
		{25E3A8F3-AAA3-4322-BCDB-A483931A8A83}.Debug|Any CPU.Build.0 = Debug|Any CPU
		{25E3A8F3-AAA3-4322-BCDB-A483931A8A83}.Release|Any CPU.ActiveCfg = Release|Any CPU
		{25E3A8F3-AAA3-4322-BCDB-A483931A8A83}.Release|Any CPU.Build.0 = Release|Any CPU
		{F64D4B1E-9E3A-4111-ABEE-16CDCCBD6153}.Debug|Any CPU.ActiveCfg = Debug|Any CPU
		{F64D4B1E-9E3A-4111-ABEE-16CDCCBD6153}.Debug|Any CPU.Build.0 = Debug|Any CPU
		{F64D4B1E-9E3A-4111-ABEE-16CDCCBD6153}.Release|Any CPU.ActiveCfg = Release|Any CPU
		{F64D4B1E-9E3A-4111-ABEE-16CDCCBD6153}.Release|Any CPU.Build.0 = Release|Any CPU
		{3254F367-E5B2-40BC-9AE6-E934F317C7B9}.Debug|Any CPU.ActiveCfg = Debug|Any CPU
		{3254F367-E5B2-40BC-9AE6-E934F317C7B9}.Debug|Any CPU.Build.0 = Debug|Any CPU
		{3254F367-E5B2-40BC-9AE6-E934F317C7B9}.Release|Any CPU.ActiveCfg = Release|Any CPU
		{3254F367-E5B2-40BC-9AE6-E934F317C7B9}.Release|Any CPU.Build.0 = Release|Any CPU
		{83AEC949-B08C-4B3C-956B-355779F1C869}.Debug|Any CPU.ActiveCfg = Debug|Any CPU
		{83AEC949-B08C-4B3C-956B-355779F1C869}.Debug|Any CPU.Build.0 = Debug|Any CPU
		{83AEC949-B08C-4B3C-956B-355779F1C869}.Release|Any CPU.ActiveCfg = Release|Any CPU
		{83AEC949-B08C-4B3C-956B-355779F1C869}.Release|Any CPU.Build.0 = Release|Any CPU
		{1EA22A9B-1921-4905-A07A-AB7B966D534F}.Debug|Any CPU.ActiveCfg = Debug|Any CPU
		{1EA22A9B-1921-4905-A07A-AB7B966D534F}.Debug|Any CPU.Build.0 = Debug|Any CPU
		{1EA22A9B-1921-4905-A07A-AB7B966D534F}.Release|Any CPU.ActiveCfg = Release|Any CPU
		{1EA22A9B-1921-4905-A07A-AB7B966D534F}.Release|Any CPU.Build.0 = Release|Any CPU
		{1323A238-CDD4-4FC6-A828-D8460F8FB12E}.Debug|Any CPU.ActiveCfg = Debug|Any CPU
		{1323A238-CDD4-4FC6-A828-D8460F8FB12E}.Debug|Any CPU.Build.0 = Debug|Any CPU
		{1323A238-CDD4-4FC6-A828-D8460F8FB12E}.Release|Any CPU.ActiveCfg = Release|Any CPU
		{1323A238-CDD4-4FC6-A828-D8460F8FB12E}.Release|Any CPU.Build.0 = Release|Any CPU
		{CA6D7789-17B2-4A72-B0DD-D21116D1A06C}.Debug|Any CPU.ActiveCfg = Debug|Any CPU
		{CA6D7789-17B2-4A72-B0DD-D21116D1A06C}.Debug|Any CPU.Build.0 = Debug|Any CPU
		{CA6D7789-17B2-4A72-B0DD-D21116D1A06C}.Release|Any CPU.ActiveCfg = Release|Any CPU
		{CA6D7789-17B2-4A72-B0DD-D21116D1A06C}.Release|Any CPU.Build.0 = Release|Any CPU
		{8F434E7E-1753-4098-B8F3-63CCC14CEA08}.Debug|Any CPU.ActiveCfg = Debug|Any CPU
		{8F434E7E-1753-4098-B8F3-63CCC14CEA08}.Debug|Any CPU.Build.0 = Debug|Any CPU
		{8F434E7E-1753-4098-B8F3-63CCC14CEA08}.Release|Any CPU.ActiveCfg = Release|Any CPU
		{8F434E7E-1753-4098-B8F3-63CCC14CEA08}.Release|Any CPU.Build.0 = Release|Any CPU
		{FE161813-4739-4F8E-9F48-E1FA8A7FBDC7}.Debug|Any CPU.ActiveCfg = Debug|Any CPU
		{FE161813-4739-4F8E-9F48-E1FA8A7FBDC7}.Debug|Any CPU.Build.0 = Debug|Any CPU
		{FE161813-4739-4F8E-9F48-E1FA8A7FBDC7}.Release|Any CPU.ActiveCfg = Release|Any CPU
		{FE161813-4739-4F8E-9F48-E1FA8A7FBDC7}.Release|Any CPU.Build.0 = Release|Any CPU
		{926E252D-9790-49C1-8257-0F8A3DF2EA08}.Debug|Any CPU.ActiveCfg = Debug|Any CPU
		{926E252D-9790-49C1-8257-0F8A3DF2EA08}.Debug|Any CPU.Build.0 = Debug|Any CPU
		{926E252D-9790-49C1-8257-0F8A3DF2EA08}.Release|Any CPU.ActiveCfg = Release|Any CPU
		{926E252D-9790-49C1-8257-0F8A3DF2EA08}.Release|Any CPU.Build.0 = Release|Any CPU
		{12E02E75-634D-491F-9A55-D62DA861BF6D}.Debug|Any CPU.ActiveCfg = Debug|Any CPU
		{12E02E75-634D-491F-9A55-D62DA861BF6D}.Debug|Any CPU.Build.0 = Debug|Any CPU
		{12E02E75-634D-491F-9A55-D62DA861BF6D}.Release|Any CPU.ActiveCfg = Release|Any CPU
		{12E02E75-634D-491F-9A55-D62DA861BF6D}.Release|Any CPU.Build.0 = Release|Any CPU
		{97827AF2-63DB-4ECE-9D8E-1AC3C82EBD7D}.Debug|Any CPU.ActiveCfg = Debug|Any CPU
		{97827AF2-63DB-4ECE-9D8E-1AC3C82EBD7D}.Debug|Any CPU.Build.0 = Debug|Any CPU
		{97827AF2-63DB-4ECE-9D8E-1AC3C82EBD7D}.Release|Any CPU.ActiveCfg = Release|Any CPU
		{97827AF2-63DB-4ECE-9D8E-1AC3C82EBD7D}.Release|Any CPU.Build.0 = Release|Any CPU
		{44F3B18D-27F2-4251-9D92-A5ABE2C09D6C}.Debug|Any CPU.ActiveCfg = Debug|Any CPU
		{44F3B18D-27F2-4251-9D92-A5ABE2C09D6C}.Debug|Any CPU.Build.0 = Debug|Any CPU
		{44F3B18D-27F2-4251-9D92-A5ABE2C09D6C}.Release|Any CPU.ActiveCfg = Release|Any CPU
		{44F3B18D-27F2-4251-9D92-A5ABE2C09D6C}.Release|Any CPU.Build.0 = Release|Any CPU
		{F3F6D134-12AB-4009-8549-242249F26533}.Debug|Any CPU.ActiveCfg = Debug|Any CPU
		{F3F6D134-12AB-4009-8549-242249F26533}.Debug|Any CPU.Build.0 = Debug|Any CPU
		{F3F6D134-12AB-4009-8549-242249F26533}.Release|Any CPU.ActiveCfg = Release|Any CPU
		{F3F6D134-12AB-4009-8549-242249F26533}.Release|Any CPU.Build.0 = Release|Any CPU
		{C143A767-A7D4-46F8-94A5-F965BDB81AC1}.Debug|Any CPU.ActiveCfg = Debug|Any CPU
		{C143A767-A7D4-46F8-94A5-F965BDB81AC1}.Debug|Any CPU.Build.0 = Debug|Any CPU
		{C143A767-A7D4-46F8-94A5-F965BDB81AC1}.Release|Any CPU.ActiveCfg = Release|Any CPU
		{C143A767-A7D4-46F8-94A5-F965BDB81AC1}.Release|Any CPU.Build.0 = Release|Any CPU
		{1C3F1107-3631-4198-AFE1-8A9EAE0EA1D3}.Debug|Any CPU.ActiveCfg = Debug|Any CPU
		{1C3F1107-3631-4198-AFE1-8A9EAE0EA1D3}.Debug|Any CPU.Build.0 = Debug|Any CPU
		{1C3F1107-3631-4198-AFE1-8A9EAE0EA1D3}.Release|Any CPU.ActiveCfg = Release|Any CPU
		{1C3F1107-3631-4198-AFE1-8A9EAE0EA1D3}.Release|Any CPU.Build.0 = Release|Any CPU
		{E9A3F28E-0974-4CF4-AE29-956EC623EB57}.Debug|Any CPU.ActiveCfg = Debug|Any CPU
		{E9A3F28E-0974-4CF4-AE29-956EC623EB57}.Debug|Any CPU.Build.0 = Debug|Any CPU
		{E9A3F28E-0974-4CF4-AE29-956EC623EB57}.Release|Any CPU.ActiveCfg = Release|Any CPU
		{E9A3F28E-0974-4CF4-AE29-956EC623EB57}.Release|Any CPU.Build.0 = Release|Any CPU
		{50DB7B77-C0AA-4E7F-887E-93161E42D9BE}.Debug|Any CPU.ActiveCfg = Debug|Any CPU
		{50DB7B77-C0AA-4E7F-887E-93161E42D9BE}.Debug|Any CPU.Build.0 = Debug|Any CPU
		{50DB7B77-C0AA-4E7F-887E-93161E42D9BE}.Release|Any CPU.ActiveCfg = Release|Any CPU
		{50DB7B77-C0AA-4E7F-887E-93161E42D9BE}.Release|Any CPU.Build.0 = Release|Any CPU
		{6A540E42-B418-4DDA-8FBA-7D052D38146F}.Debug|Any CPU.ActiveCfg = Debug|Any CPU
		{6A540E42-B418-4DDA-8FBA-7D052D38146F}.Debug|Any CPU.Build.0 = Debug|Any CPU
		{6A540E42-B418-4DDA-8FBA-7D052D38146F}.Release|Any CPU.ActiveCfg = Release|Any CPU
		{6A540E42-B418-4DDA-8FBA-7D052D38146F}.Release|Any CPU.Build.0 = Release|Any CPU
	EndGlobalSection
	GlobalSection(SolutionProperties) = preSolution
		HideSolutionNode = FALSE
	EndGlobalSection
	GlobalSection(NestedProjects) = preSolution
		{8A2211A8-356D-4109-993B-E5D889872524} = {5A916B7C-F30A-4935-A529-CC6FCBCD94F1}
		{140CA2FE-D9DF-441E-B45B-A54201134D3F} = {5A916B7C-F30A-4935-A529-CC6FCBCD94F1}
		{F2724236-BDA3-4D82-903C-20207CFBFBAB} = {5A916B7C-F30A-4935-A529-CC6FCBCD94F1}
		{49280998-D912-48D1-8F0E-382477B81FE5} = {5A916B7C-F30A-4935-A529-CC6FCBCD94F1}
		{B64B902E-5F1C-4012-8710-C7CF5A331FAA} = {5A916B7C-F30A-4935-A529-CC6FCBCD94F1}
		{7657F91E-788E-4734-A10D-8E89966D88E1} = {5A916B7C-F30A-4935-A529-CC6FCBCD94F1}
		{E0584BFC-A68F-4AD1-91AA-C8B26A49C3BB} = {5A916B7C-F30A-4935-A529-CC6FCBCD94F1}
		{48DEA984-3330-41AB-8183-9AE8119FFD87} = {5A916B7C-F30A-4935-A529-CC6FCBCD94F1}
		{BEE9CDBD-AFC3-4F93-979B-52DBC72B7FCE} = {5A916B7C-F30A-4935-A529-CC6FCBCD94F1}
		{83875D81-74AB-4151-B230-024B3C22623D} = {C9431D6B-3C36-4E27-8C9F-E60317F73C88}
		{5A41BDAE-142B-41CB-A413-60CE929DE079} = {C9431D6B-3C36-4E27-8C9F-E60317F73C88}
		{5F4E1656-E215-4723-B39A-FDE68887B03A} = {C9431D6B-3C36-4E27-8C9F-E60317F73C88}
		{72EF8E32-81DD-4AAA-977C-DE6E98BE619D} = {C9431D6B-3C36-4E27-8C9F-E60317F73C88}
		{9C118AF0-BDCF-4985-9849-23EA9B51D512} = {C9431D6B-3C36-4E27-8C9F-E60317F73C88}
		{A24903DD-B825-49BD-BB52-A2C36DCAB5B2} = {C9431D6B-3C36-4E27-8C9F-E60317F73C88}
		{61553566-F8D2-42D5-8866-4C0A2735A9E9} = {C9431D6B-3C36-4E27-8C9F-E60317F73C88}
		{25E3A8F3-AAA3-4322-BCDB-A483931A8A83} = {C9431D6B-3C36-4E27-8C9F-E60317F73C88}
		{F64D4B1E-9E3A-4111-ABEE-16CDCCBD6153} = {C9431D6B-3C36-4E27-8C9F-E60317F73C88}
		{3254F367-E5B2-40BC-9AE6-E934F317C7B9} = {C9431D6B-3C36-4E27-8C9F-E60317F73C88}
		{83AEC949-B08C-4B3C-956B-355779F1C869} = {C9431D6B-3C36-4E27-8C9F-E60317F73C88}
		{1EA22A9B-1921-4905-A07A-AB7B966D534F} = {C9431D6B-3C36-4E27-8C9F-E60317F73C88}
		{1323A238-CDD4-4FC6-A828-D8460F8FB12E} = {C9431D6B-3C36-4E27-8C9F-E60317F73C88}
		{CA6D7789-17B2-4A72-B0DD-D21116D1A06C} = {C9431D6B-3C36-4E27-8C9F-E60317F73C88}
		{8F434E7E-1753-4098-B8F3-63CCC14CEA08} = {2DE13793-AE4C-492E-877B-83A230D997E7}
		{FE161813-4739-4F8E-9F48-E1FA8A7FBDC7} = {2DE13793-AE4C-492E-877B-83A230D997E7}
		{926E252D-9790-49C1-8257-0F8A3DF2EA08} = {2DE13793-AE4C-492E-877B-83A230D997E7}
		{12E02E75-634D-491F-9A55-D62DA861BF6D} = {2DE13793-AE4C-492E-877B-83A230D997E7}
		{97827AF2-63DB-4ECE-9D8E-1AC3C82EBD7D} = {2DE13793-AE4C-492E-877B-83A230D997E7}
		{44F3B18D-27F2-4251-9D92-A5ABE2C09D6C} = {2DE13793-AE4C-492E-877B-83A230D997E7}
		{F3F6D134-12AB-4009-8549-242249F26533} = {2DE13793-AE4C-492E-877B-83A230D997E7}
		{C143A767-A7D4-46F8-94A5-F965BDB81AC1} = {2DE13793-AE4C-492E-877B-83A230D997E7}
		{1C3F1107-3631-4198-AFE1-8A9EAE0EA1D3} = {2DE13793-AE4C-492E-877B-83A230D997E7}
		{E9A3F28E-0974-4CF4-AE29-956EC623EB57} = {2DE13793-AE4C-492E-877B-83A230D997E7}
		{50DB7B77-C0AA-4E7F-887E-93161E42D9BE} = {9C7140A2-E09A-4A57-873E-2FE01F4658E7}
		{6A540E42-B418-4DDA-8FBA-7D052D38146F} = {9C7140A2-E09A-4A57-873E-2FE01F4658E7}
	EndGlobalSection
	GlobalSection(ExtensibilityGlobals) = postSolution
		SolutionGuid = {907796D2-7C24-41EF-970A-0373CC26F10B}
	EndGlobalSection
EndGlobal
